
Microsoft Visual Studio Solution File, Format Version 12.00
# Visual Studio Version 16
VisualStudioVersion = 16.0.31727.386
MinimumVisualStudioVersion = 10.0.40219.1
Project("{FAE04EC0-301F-11D3-BF4B-00C04F79EFBC}") = "MatchingGame", "MatchingGame\MatchingGame.csproj", "{DD9E028C-330E-4CB5-8E1A-A0D2A4A0061C}"
EndProject
Global
	GlobalSection(SolutionConfigurationPlatforms) = preSolution
		Debug|Any CPU = Debug|Any CPU
		Release|Any CPU = Release|Any CPU
	EndGlobalSection
	GlobalSection(ProjectConfigurationPlatforms) = postSolution
		{DD9E028C-330E-4CB5-8E1A-A0D2A4A0061C}.Debug|Any CPU.ActiveCfg = Debug|Any CPU
		{DD9E028C-330E-4CB5-8E1A-A0D2A4A0061C}.Debug|Any CPU.Build.0 = Debug|Any CPU
		{DD9E028C-330E-4CB5-8E1A-A0D2A4A0061C}.Release|Any CPU.ActiveCfg = Release|Any CPU
		{DD9E028C-330E-4CB5-8E1A-A0D2A4A0061C}.Release|Any CPU.Build.0 = Release|Any CPU
	EndGlobalSection
	GlobalSection(SolutionProperties) = preSolution
		HideSolutionNode = FALSE
	EndGlobalSection
	GlobalSection(ExtensibilityGlobals) = postSolution
		SolutionGuid = {32A9434D-14A6-4632-B500-AFDA89FB0294}
	EndGlobalSection
EndGlobal
